// !$*UTF8*$!
{
	archiveVersion = 1;
	classes = {
	};
	objectVersion = 56;
	objects = {

/* Begin PBXBuildFile section */
		CB06D2232A1642A1006356A1 /* SingleImageViewController.swift in Sources */ = {isa = PBXBuildFile; fileRef = CB06D2222A1642A1006356A1 /* SingleImageViewController.swift */; };
		CB1086E52A24E06000D2BD10 /* WebViewViewController.swift in Sources */ = {isa = PBXBuildFile; fileRef = CB1086E42A24E06000D2BD10 /* WebViewViewController.swift */; };
		CB1C6DBB2A0D240D000DE952 /* ImagesListCell.swift in Sources */ = {isa = PBXBuildFile; fileRef = CB1C6DBA2A0D240D000DE952 /* ImagesListCell.swift */; };
		CB4DF1372A39FCA80034F665 /* UIBlockingProgressHUD.swift in Sources */ = {isa = PBXBuildFile; fileRef = CB4DF1362A39FCA80034F665 /* UIBlockingProgressHUD.swift */; };
		CB866D592A0A63E900B82387 /* UIColor+Extensions.swift in Sources */ = {isa = PBXBuildFile; fileRef = CB866D582A0A63E900B82387 /* UIColor+Extensions.swift */; };
		CB92C4F72A2B7C22001E0145 /* OAuth2TokenStorage.swift in Sources */ = {isa = PBXBuildFile; fileRef = CB92C4F62A2B7C22001E0145 /* OAuth2TokenStorage.swift */; };
		CB9DCFD02A139963006C7150 /* ProfileViewController.swift in Sources */ = {isa = PBXBuildFile; fileRef = CB9DCFCF2A139963006C7150 /* ProfileViewController.swift */; };
		CBA8FFBD2A24D950006C09F2 /* AuthViewController.swift in Sources */ = {isa = PBXBuildFile; fileRef = CBA8FFBC2A24D950006C09F2 /* AuthViewController.swift */; };
		CBBC24E12A07F4AE00B056C5 /* AppDelegate.swift in Sources */ = {isa = PBXBuildFile; fileRef = CBBC24E02A07F4AE00B056C5 /* AppDelegate.swift */; };
		CBBC24E32A07F4AE00B056C5 /* SceneDelegate.swift in Sources */ = {isa = PBXBuildFile; fileRef = CBBC24E22A07F4AE00B056C5 /* SceneDelegate.swift */; };
		CBBC24E52A07F4AE00B056C5 /* ImagesListViewController.swift in Sources */ = {isa = PBXBuildFile; fileRef = CBBC24E42A07F4AE00B056C5 /* ImagesListViewController.swift */; };
		CBBC24E82A07F4AE00B056C5 /* Main.storyboard in Resources */ = {isa = PBXBuildFile; fileRef = CBBC24E62A07F4AE00B056C5 /* Main.storyboard */; };
		CBBC24EA2A07F4B400B056C5 /* Assets.xcassets in Resources */ = {isa = PBXBuildFile; fileRef = CBBC24E92A07F4B400B056C5 /* Assets.xcassets */; };
		CBBC24ED2A07F4B400B056C5 /* LaunchScreen.storyboard in Resources */ = {isa = PBXBuildFile; fileRef = CBBC24EB2A07F4B400B056C5 /* LaunchScreen.storyboard */; };
		CBC0D9EF2A2A235B0055CB6D /* OAuthTokenResponseBody.swift in Sources */ = {isa = PBXBuildFile; fileRef = CBC0D9EE2A2A235B0055CB6D /* OAuthTokenResponseBody.swift */; };
		CBC0D9F12A2A26C90055CB6D /* OAuth2Service.swift in Sources */ = {isa = PBXBuildFile; fileRef = CBC0D9F02A2A26C90055CB6D /* OAuth2Service.swift */; };
		CBCCB1AA2A2228F0001F73E8 /* Constants.swift in Sources */ = {isa = PBXBuildFile; fileRef = CBCCB1A92A2228F0001F73E8 /* Constants.swift */; };
		CBD43AAD2A361DB20039DCDA /* ProgressHUD in Frameworks */ = {isa = PBXBuildFile; productRef = CBD43AAC2A361DB20039DCDA /* ProgressHUD */; };
		CBD534492A2CC4CF00001E97 /* SplashViewController.swift in Sources */ = {isa = PBXBuildFile; fileRef = CBD534482A2CC4CF00001E97 /* SplashViewController.swift */; };
		CBE33C3D2A3B5164009984D4 /* ProfileService.swift in Sources */ = {isa = PBXBuildFile; fileRef = CBE33C3C2A3B5164009984D4 /* ProfileService.swift */; };
/* End PBXBuildFile section */

/* Begin PBXFileReference section */
		CB06D2222A1642A1006356A1 /* SingleImageViewController.swift */ = {isa = PBXFileReference; lastKnownFileType = sourcecode.swift; path = SingleImageViewController.swift; sourceTree = "<group>"; };
		CB1086E42A24E06000D2BD10 /* WebViewViewController.swift */ = {isa = PBXFileReference; lastKnownFileType = sourcecode.swift; path = WebViewViewController.swift; sourceTree = "<group>"; };
		CB1C6DBA2A0D240D000DE952 /* ImagesListCell.swift */ = {isa = PBXFileReference; lastKnownFileType = sourcecode.swift; path = ImagesListCell.swift; sourceTree = "<group>"; };
		CB4DF1362A39FCA80034F665 /* UIBlockingProgressHUD.swift */ = {isa = PBXFileReference; lastKnownFileType = sourcecode.swift; path = UIBlockingProgressHUD.swift; sourceTree = "<group>"; };
		CB866D582A0A63E900B82387 /* UIColor+Extensions.swift */ = {isa = PBXFileReference; lastKnownFileType = sourcecode.swift; path = "UIColor+Extensions.swift"; sourceTree = "<group>"; };
		CB92C4F62A2B7C22001E0145 /* OAuth2TokenStorage.swift */ = {isa = PBXFileReference; lastKnownFileType = sourcecode.swift; path = OAuth2TokenStorage.swift; sourceTree = "<group>"; };
		CB9DCFCF2A139963006C7150 /* ProfileViewController.swift */ = {isa = PBXFileReference; lastKnownFileType = sourcecode.swift; path = ProfileViewController.swift; sourceTree = "<group>"; };
		CBA8FFBC2A24D950006C09F2 /* AuthViewController.swift */ = {isa = PBXFileReference; lastKnownFileType = sourcecode.swift; path = AuthViewController.swift; sourceTree = "<group>"; };
		CBBC24DD2A07F4AE00B056C5 /* ImageFeed.app */ = {isa = PBXFileReference; explicitFileType = wrapper.application; includeInIndex = 0; path = ImageFeed.app; sourceTree = BUILT_PRODUCTS_DIR; };
		CBBC24E02A07F4AE00B056C5 /* AppDelegate.swift */ = {isa = PBXFileReference; lastKnownFileType = sourcecode.swift; path = AppDelegate.swift; sourceTree = "<group>"; };
		CBBC24E22A07F4AE00B056C5 /* SceneDelegate.swift */ = {isa = PBXFileReference; lastKnownFileType = sourcecode.swift; path = SceneDelegate.swift; sourceTree = "<group>"; };
		CBBC24E42A07F4AE00B056C5 /* ImagesListViewController.swift */ = {isa = PBXFileReference; lastKnownFileType = sourcecode.swift; path = ImagesListViewController.swift; sourceTree = "<group>"; };
		CBBC24E72A07F4AE00B056C5 /* Base */ = {isa = PBXFileReference; lastKnownFileType = file.storyboard; name = Base; path = Base.lproj/Main.storyboard; sourceTree = "<group>"; };
		CBBC24E92A07F4B400B056C5 /* Assets.xcassets */ = {isa = PBXFileReference; lastKnownFileType = folder.assetcatalog; path = Assets.xcassets; sourceTree = "<group>"; };
		CBBC24EC2A07F4B400B056C5 /* Base */ = {isa = PBXFileReference; lastKnownFileType = file.storyboard; name = Base; path = Base.lproj/LaunchScreen.storyboard; sourceTree = "<group>"; };
		CBBC24EE2A07F4B400B056C5 /* Info.plist */ = {isa = PBXFileReference; lastKnownFileType = text.plist.xml; path = Info.plist; sourceTree = "<group>"; };
		CBC0D9EE2A2A235B0055CB6D /* OAuthTokenResponseBody.swift */ = {isa = PBXFileReference; lastKnownFileType = sourcecode.swift; path = OAuthTokenResponseBody.swift; sourceTree = "<group>"; };
		CBC0D9F02A2A26C90055CB6D /* OAuth2Service.swift */ = {isa = PBXFileReference; lastKnownFileType = sourcecode.swift; path = OAuth2Service.swift; sourceTree = "<group>"; };
		CBCCB1A92A2228F0001F73E8 /* Constants.swift */ = {isa = PBXFileReference; lastKnownFileType = sourcecode.swift; path = Constants.swift; sourceTree = "<group>"; };
		CBD534482A2CC4CF00001E97 /* SplashViewController.swift */ = {isa = PBXFileReference; lastKnownFileType = sourcecode.swift; path = SplashViewController.swift; sourceTree = "<group>"; };
		CBE33C3C2A3B5164009984D4 /* ProfileService.swift */ = {isa = PBXFileReference; lastKnownFileType = sourcecode.swift; path = ProfileService.swift; sourceTree = "<group>"; };
/* End PBXFileReference section */

/* Begin PBXFrameworksBuildPhase section */
		CBBC24DA2A07F4AE00B056C5 /* Frameworks */ = {
			isa = PBXFrameworksBuildPhase;
			buildActionMask = 2147483647;
			files = (
				CBD43AAD2A361DB20039DCDA /* ProgressHUD in Frameworks */,
			);
			runOnlyForDeploymentPostprocessing = 0;
		};
/* End PBXFrameworksBuildPhase section */

/* Begin PBXGroup section */
		CB06D2242A164B72006356A1 /* SingleImage */ = {
			isa = PBXGroup;
			children = (
				CB06D2222A1642A1006356A1 /* SingleImageViewController.swift */,
			);
			path = SingleImage;
			sourceTree = "<group>";
		};
		CB1C6DBC2A0D243B000DE952 /* ImagesList */ = {
			isa = PBXGroup;
			children = (
				CBBC24E42A07F4AE00B056C5 /* ImagesListViewController.swift */,
				CB1C6DBA2A0D240D000DE952 /* ImagesListCell.swift */,
			);
			path = ImagesList;
			sourceTree = "<group>";
		};
		CB866D572A0A63C600B82387 /* Helpers */ = {
			isa = PBXGroup;
			children = (
				CB866D582A0A63E900B82387 /* UIColor+Extensions.swift */,
			);
			path = Helpers;
			sourceTree = "<group>";
		};
		CB9DCFD12A13A88D006C7150 /* Profile */ = {
			isa = PBXGroup;
			children = (
				CBE33C3C2A3B5164009984D4 /* ProfileService.swift */,
				CB9DCFCF2A139963006C7150 /* ProfileViewController.swift */,
			);
			path = Profile;
			sourceTree = "<group>";
		};
		CBA8FFBB2A24D93D006C09F2 /* Auth */ = {
			isa = PBXGroup;
			children = (
				CBA8FFBC2A24D950006C09F2 /* AuthViewController.swift */,
				CB1086E42A24E06000D2BD10 /* WebViewViewController.swift */,
			);
			path = Auth;
			sourceTree = "<group>";
		};
		CBBC24D42A07F4AE00B056C5 = {
			isa = PBXGroup;
			children = (
				CBBC24DF2A07F4AE00B056C5 /* ImageFeed */,
				CBBC24DE2A07F4AE00B056C5 /* Products */,
			);
			sourceTree = "<group>";
		};
		CBBC24DE2A07F4AE00B056C5 /* Products */ = {
			isa = PBXGroup;
			children = (
				CBBC24DD2A07F4AE00B056C5 /* ImageFeed.app */,
			);
			name = Products;
			sourceTree = "<group>";
		};
		CBBC24DF2A07F4AE00B056C5 /* ImageFeed */ = {
			isa = PBXGroup;
			children = (
				CBCCB1A92A2228F0001F73E8 /* Constants.swift */,
				CBBC24E02A07F4AE00B056C5 /* AppDelegate.swift */,
				CBBC24E22A07F4AE00B056C5 /* SceneDelegate.swift */,
				CB4DF1362A39FCA80034F665 /* UIBlockingProgressHUD.swift */,
				CBD5344A2A2CDC4C00001E97 /* SplashViewController */,
				CBA8FFBB2A24D93D006C09F2 /* Auth */,
				CB9DCFD12A13A88D006C7150 /* Profile */,
				CB1C6DBC2A0D243B000DE952 /* ImagesList */,
				CB06D2242A164B72006356A1 /* SingleImage */,
				CBD5344B2A2CDD4400001E97 /* ServiceAccessLayer */,
				CB866D572A0A63C600B82387 /* Helpers */,
				CBBC24E62A07F4AE00B056C5 /* Main.storyboard */,
				CBBC24E92A07F4B400B056C5 /* Assets.xcassets */,
				CBBC24EB2A07F4B400B056C5 /* LaunchScreen.storyboard */,
				CBBC24EE2A07F4B400B056C5 /* Info.plist */,
			);
			path = ImageFeed;
			sourceTree = "<group>";
		};
		CBD5344A2A2CDC4C00001E97 /* SplashViewController */ = {
			isa = PBXGroup;
			children = (
				CBD534482A2CC4CF00001E97 /* SplashViewController.swift */,
			);
			path = SplashViewController;
			sourceTree = "<group>";
		};
		CBD5344B2A2CDD4400001E97 /* ServiceAccessLayer */ = {
			isa = PBXGroup;
			children = (
				CBC0D9F02A2A26C90055CB6D /* OAuth2Service.swift */,
				CB92C4F62A2B7C22001E0145 /* OAuth2TokenStorage.swift */,
				CBC0D9EE2A2A235B0055CB6D /* OAuthTokenResponseBody.swift */,
			);
			path = ServiceAccessLayer;
			sourceTree = "<group>";
		};
/* End PBXGroup section */

/* Begin PBXNativeTarget section */
		CBBC24DC2A07F4AE00B056C5 /* ImageFeed */ = {
			isa = PBXNativeTarget;
			buildConfigurationList = CBBC24F12A07F4B400B056C5 /* Build configuration list for PBXNativeTarget "ImageFeed" */;
			buildPhases = (
				CBBC24D92A07F4AE00B056C5 /* Sources */,
				CBBC24DA2A07F4AE00B056C5 /* Frameworks */,
				CBBC24DB2A07F4AE00B056C5 /* Resources */,
			);
			buildRules = (
			);
			dependencies = (
			);
			name = ImageFeed;
			packageProductDependencies = (
				CBD43AAC2A361DB20039DCDA /* ProgressHUD */,
			);
			productName = ImageFeed;
			productReference = CBBC24DD2A07F4AE00B056C5 /* ImageFeed.app */;
			productType = "com.apple.product-type.application";
		};
/* End PBXNativeTarget section */

/* Begin PBXProject section */
		CBBC24D52A07F4AE00B056C5 /* Project object */ = {
			isa = PBXProject;
			attributes = {
				BuildIndependentTargetsInParallel = 1;
				LastSwiftUpdateCheck = 1430;
				LastUpgradeCheck = 1430;
				TargetAttributes = {
					CBBC24DC2A07F4AE00B056C5 = {
						CreatedOnToolsVersion = 14.3;
					};
				};
			};
			buildConfigurationList = CBBC24D82A07F4AE00B056C5 /* Build configuration list for PBXProject "ImageFeed" */;
			compatibilityVersion = "Xcode 14.0";
			developmentRegion = en;
			hasScannedForEncodings = 0;
			knownRegions = (
				en,
				Base,
			);
			mainGroup = CBBC24D42A07F4AE00B056C5;
			packageReferences = (
				CBD43AAB2A361DB20039DCDA /* XCRemoteSwiftPackageReference "ProgressHUD" */,
			);
			productRefGroup = CBBC24DE2A07F4AE00B056C5 /* Products */;
			projectDirPath = "";
			projectRoot = "";
			targets = (
				CBBC24DC2A07F4AE00B056C5 /* ImageFeed */,
			);
		};
/* End PBXProject section */

/* Begin PBXResourcesBuildPhase section */
		CBBC24DB2A07F4AE00B056C5 /* Resources */ = {
			isa = PBXResourcesBuildPhase;
			buildActionMask = 2147483647;
			files = (
				CBBC24ED2A07F4B400B056C5 /* LaunchScreen.storyboard in Resources */,
				CBBC24EA2A07F4B400B056C5 /* Assets.xcassets in Resources */,
				CBBC24E82A07F4AE00B056C5 /* Main.storyboard in Resources */,
			);
			runOnlyForDeploymentPostprocessing = 0;
		};
/* End PBXResourcesBuildPhase section */

/* Begin PBXSourcesBuildPhase section */
		CBBC24D92A07F4AE00B056C5 /* Sources */ = {
			isa = PBXSourcesBuildPhase;
			buildActionMask = 2147483647;
			files = (
				CB1086E52A24E06000D2BD10 /* WebViewViewController.swift in Sources */,
				CBE33C3D2A3B5164009984D4 /* ProfileService.swift in Sources */,
				CB9DCFD02A139963006C7150 /* ProfileViewController.swift in Sources */,
				CBC0D9F12A2A26C90055CB6D /* OAuth2Service.swift in Sources */,
				CBBC24E52A07F4AE00B056C5 /* ImagesListViewController.swift in Sources */,
				CBBC24E12A07F4AE00B056C5 /* AppDelegate.swift in Sources */,
				CBD534492A2CC4CF00001E97 /* SplashViewController.swift in Sources */,
				CBC0D9EF2A2A235B0055CB6D /* OAuthTokenResponseBody.swift in Sources */,
				CB06D2232A1642A1006356A1 /* SingleImageViewController.swift in Sources */,
				CB4DF1372A39FCA80034F665 /* UIBlockingProgressHUD.swift in Sources */,
				CB1C6DBB2A0D240D000DE952 /* ImagesListCell.swift in Sources */,
				CBBC24E32A07F4AE00B056C5 /* SceneDelegate.swift in Sources */,
				CB866D592A0A63E900B82387 /* UIColor+Extensions.swift in Sources */,
				CBA8FFBD2A24D950006C09F2 /* AuthViewController.swift in Sources */,
				CB92C4F72A2B7C22001E0145 /* OAuth2TokenStorage.swift in Sources */,
				CBCCB1AA2A2228F0001F73E8 /* Constants.swift in Sources */,
			);
			runOnlyForDeploymentPostprocessing = 0;
		};
/* End PBXSourcesBuildPhase section */

/* Begin PBXVariantGroup section */
		CBBC24E62A07F4AE00B056C5 /* Main.storyboard */ = {
			isa = PBXVariantGroup;
			children = (
				CBBC24E72A07F4AE00B056C5 /* Base */,
			);
			name = Main.storyboard;
			sourceTree = "<group>";
		};
		CBBC24EB2A07F4B400B056C5 /* LaunchScreen.storyboard */ = {
			isa = PBXVariantGroup;
			children = (
				CBBC24EC2A07F4B400B056C5 /* Base */,
			);
			name = LaunchScreen.storyboard;
			sourceTree = "<group>";
		};
/* End PBXVariantGroup section */

/* Begin XCBuildConfiguration section */
		CBBC24EF2A07F4B400B056C5 /* Debug */ = {
			isa = XCBuildConfiguration;
			buildSettings = {
				ALWAYS_SEARCH_USER_PATHS = NO;
				CLANG_ANALYZER_NONNULL = YES;
				CLANG_ANALYZER_NUMBER_OBJECT_CONVERSION = YES_AGGRESSIVE;
				CLANG_CXX_LANGUAGE_STANDARD = "gnu++20";
				CLANG_ENABLE_MODULES = YES;
				CLANG_ENABLE_OBJC_ARC = YES;
				CLANG_ENABLE_OBJC_WEAK = YES;
				CLANG_WARN_BLOCK_CAPTURE_AUTORELEASING = YES;
				CLANG_WARN_BOOL_CONVERSION = YES;
				CLANG_WARN_COMMA = YES;
				CLANG_WARN_CONSTANT_CONVERSION = YES;
				CLANG_WARN_DEPRECATED_OBJC_IMPLEMENTATIONS = YES;
				CLANG_WARN_DIRECT_OBJC_ISA_USAGE = YES_ERROR;
				CLANG_WARN_DOCUMENTATION_COMMENTS = YES;
				CLANG_WARN_EMPTY_BODY = YES;
				CLANG_WARN_ENUM_CONVERSION = YES;
				CLANG_WARN_INFINITE_RECURSION = YES;
				CLANG_WARN_INT_CONVERSION = YES;
				CLANG_WARN_NON_LITERAL_NULL_CONVERSION = YES;
				CLANG_WARN_OBJC_IMPLICIT_RETAIN_SELF = YES;
				CLANG_WARN_OBJC_LITERAL_CONVERSION = YES;
				CLANG_WARN_OBJC_ROOT_CLASS = YES_ERROR;
				CLANG_WARN_QUOTED_INCLUDE_IN_FRAMEWORK_HEADER = YES;
				CLANG_WARN_RANGE_LOOP_ANALYSIS = YES;
				CLANG_WARN_STRICT_PROTOTYPES = YES;
				CLANG_WARN_SUSPICIOUS_MOVE = YES;
				CLANG_WARN_UNGUARDED_AVAILABILITY = YES_AGGRESSIVE;
				CLANG_WARN_UNREACHABLE_CODE = YES;
				CLANG_WARN__DUPLICATE_METHOD_MATCH = YES;
				COPY_PHASE_STRIP = NO;
				DEBUG_INFORMATION_FORMAT = dwarf;
				ENABLE_STRICT_OBJC_MSGSEND = YES;
				ENABLE_TESTABILITY = YES;
				GCC_C_LANGUAGE_STANDARD = gnu11;
				GCC_DYNAMIC_NO_PIC = NO;
				GCC_NO_COMMON_BLOCKS = YES;
				GCC_OPTIMIZATION_LEVEL = 0;
				GCC_PREPROCESSOR_DEFINITIONS = (
					"DEBUG=1",
					"$(inherited)",
				);
				GCC_WARN_64_TO_32_BIT_CONVERSION = YES;
				GCC_WARN_ABOUT_RETURN_TYPE = YES_ERROR;
				GCC_WARN_UNDECLARED_SELECTOR = YES;
				GCC_WARN_UNINITIALIZED_AUTOS = YES_AGGRESSIVE;
				GCC_WARN_UNUSED_FUNCTION = YES;
				GCC_WARN_UNUSED_VARIABLE = YES;
				IPHONEOS_DEPLOYMENT_TARGET = 13.0;
				MTL_ENABLE_DEBUG_INFO = INCLUDE_SOURCE;
				MTL_FAST_MATH = YES;
				ONLY_ACTIVE_ARCH = YES;
				SDKROOT = iphoneos;
				SWIFT_ACTIVE_COMPILATION_CONDITIONS = DEBUG;
				SWIFT_OPTIMIZATION_LEVEL = "-Onone";
			};
			name = Debug;
		};
		CBBC24F02A07F4B400B056C5 /* Release */ = {
			isa = XCBuildConfiguration;
			buildSettings = {
				ALWAYS_SEARCH_USER_PATHS = NO;
				CLANG_ANALYZER_NONNULL = YES;
				CLANG_ANALYZER_NUMBER_OBJECT_CONVERSION = YES_AGGRESSIVE;
				CLANG_CXX_LANGUAGE_STANDARD = "gnu++20";
				CLANG_ENABLE_MODULES = YES;
				CLANG_ENABLE_OBJC_ARC = YES;
				CLANG_ENABLE_OBJC_WEAK = YES;
				CLANG_WARN_BLOCK_CAPTURE_AUTORELEASING = YES;
				CLANG_WARN_BOOL_CONVERSION = YES;
				CLANG_WARN_COMMA = YES;
				CLANG_WARN_CONSTANT_CONVERSION = YES;
				CLANG_WARN_DEPRECATED_OBJC_IMPLEMENTATIONS = YES;
				CLANG_WARN_DIRECT_OBJC_ISA_USAGE = YES_ERROR;
				CLANG_WARN_DOCUMENTATION_COMMENTS = YES;
				CLANG_WARN_EMPTY_BODY = YES;
				CLANG_WARN_ENUM_CONVERSION = YES;
				CLANG_WARN_INFINITE_RECURSION = YES;
				CLANG_WARN_INT_CONVERSION = YES;
				CLANG_WARN_NON_LITERAL_NULL_CONVERSION = YES;
				CLANG_WARN_OBJC_IMPLICIT_RETAIN_SELF = YES;
				CLANG_WARN_OBJC_LITERAL_CONVERSION = YES;
				CLANG_WARN_OBJC_ROOT_CLASS = YES_ERROR;
				CLANG_WARN_QUOTED_INCLUDE_IN_FRAMEWORK_HEADER = YES;
				CLANG_WARN_RANGE_LOOP_ANALYSIS = YES;
				CLANG_WARN_STRICT_PROTOTYPES = YES;
				CLANG_WARN_SUSPICIOUS_MOVE = YES;
				CLANG_WARN_UNGUARDED_AVAILABILITY = YES_AGGRESSIVE;
				CLANG_WARN_UNREACHABLE_CODE = YES;
				CLANG_WARN__DUPLICATE_METHOD_MATCH = YES;
				COPY_PHASE_STRIP = NO;
				DEBUG_INFORMATION_FORMAT = "dwarf-with-dsym";
				ENABLE_NS_ASSERTIONS = NO;
				ENABLE_STRICT_OBJC_MSGSEND = YES;
				GCC_C_LANGUAGE_STANDARD = gnu11;
				GCC_NO_COMMON_BLOCKS = YES;
				GCC_WARN_64_TO_32_BIT_CONVERSION = YES;
				GCC_WARN_ABOUT_RETURN_TYPE = YES_ERROR;
				GCC_WARN_UNDECLARED_SELECTOR = YES;
				GCC_WARN_UNINITIALIZED_AUTOS = YES_AGGRESSIVE;
				GCC_WARN_UNUSED_FUNCTION = YES;
				GCC_WARN_UNUSED_VARIABLE = YES;
				IPHONEOS_DEPLOYMENT_TARGET = 13.0;
				MTL_ENABLE_DEBUG_INFO = NO;
				MTL_FAST_MATH = YES;
				SDKROOT = iphoneos;
				SWIFT_COMPILATION_MODE = wholemodule;
				SWIFT_OPTIMIZATION_LEVEL = "-O";
				VALIDATE_PRODUCT = YES;
			};
			name = Release;
		};
		CBBC24F22A07F4B400B056C5 /* Debug */ = {
			isa = XCBuildConfiguration;
			buildSettings = {
				ASSETCATALOG_COMPILER_APPICON_NAME = AppIcon;
				ASSETCATALOG_COMPILER_GLOBAL_ACCENT_COLOR_NAME = AccentColor;
				CODE_SIGN_STYLE = Automatic;
				CURRENT_PROJECT_VERSION = 1;
				DEVELOPMENT_TEAM = BBQWCP2Q36;
				GENERATE_INFOPLIST_FILE = YES;
				INFOPLIST_FILE = ImageFeed/Info.plist;
				INFOPLIST_KEY_UIApplicationSupportsIndirectInputEvents = YES;
				INFOPLIST_KEY_UILaunchStoryboardName = LaunchScreen.storyboard;
				INFOPLIST_KEY_UIMainStoryboardFile = Main;
				INFOPLIST_KEY_UIStatusBarStyle = "";
				INFOPLIST_KEY_UISupportedInterfaceOrientations = UIInterfaceOrientationPortrait;
				IPHONEOS_DEPLOYMENT_TARGET = 13.0;
				LD_RUNPATH_SEARCH_PATHS = (
					"$(inherited)",
					"@executable_path/Frameworks",
				);
				MARKETING_VERSION = 1.0;
				PRODUCT_BUNDLE_IDENTIFIER = me.kashnikov.anton.ImageFeed;
				PRODUCT_NAME = "$(TARGET_NAME)";
				SUPPORTED_PLATFORMS = "iphoneos iphonesimulator";
				SUPPORTS_MACCATALYST = NO;
				SUPPORTS_MAC_DESIGNED_FOR_IPHONE_IPAD = NO;
				SWIFT_EMIT_LOC_STRINGS = YES;
				SWIFT_VERSION = 5.0;
				TARGETED_DEVICE_FAMILY = 1;
			};
			name = Debug;
		};
		CBBC24F32A07F4B400B056C5 /* Release */ = {
			isa = XCBuildConfiguration;
			buildSettings = {
				ASSETCATALOG_COMPILER_APPICON_NAME = AppIcon;
				ASSETCATALOG_COMPILER_GLOBAL_ACCENT_COLOR_NAME = AccentColor;
				CODE_SIGN_STYLE = Automatic;
				CURRENT_PROJECT_VERSION = 1;
				DEVELOPMENT_TEAM = BBQWCP2Q36;
				GENERATE_INFOPLIST_FILE = YES;
				INFOPLIST_FILE = ImageFeed/Info.plist;
				INFOPLIST_KEY_UIApplicationSupportsIndirectInputEvents = YES;
				INFOPLIST_KEY_UILaunchStoryboardName = LaunchScreen.storyboard;
				INFOPLIST_KEY_UIMainStoryboardFile = Main;
				INFOPLIST_KEY_UIStatusBarStyle = "";
				INFOPLIST_KEY_UISupportedInterfaceOrientations = UIInterfaceOrientationPortrait;
				IPHONEOS_DEPLOYMENT_TARGET = 13.0;
				LD_RUNPATH_SEARCH_PATHS = (
					"$(inherited)",
					"@executable_path/Frameworks",
				);
				MARKETING_VERSION = 1.0;
				PRODUCT_BUNDLE_IDENTIFIER = me.kashnikov.anton.ImageFeed;
				PRODUCT_NAME = "$(TARGET_NAME)";
				SUPPORTED_PLATFORMS = "iphoneos iphonesimulator";
				SUPPORTS_MACCATALYST = NO;
				SUPPORTS_MAC_DESIGNED_FOR_IPHONE_IPAD = NO;
				SWIFT_EMIT_LOC_STRINGS = YES;
				SWIFT_VERSION = 5.0;
				TARGETED_DEVICE_FAMILY = 1;
			};
			name = Release;
		};
/* End XCBuildConfiguration section */

/* Begin XCConfigurationList section */
		CBBC24D82A07F4AE00B056C5 /* Build configuration list for PBXProject "ImageFeed" */ = {
			isa = XCConfigurationList;
			buildConfigurations = (
				CBBC24EF2A07F4B400B056C5 /* Debug */,
				CBBC24F02A07F4B400B056C5 /* Release */,
			);
			defaultConfigurationIsVisible = 0;
			defaultConfigurationName = Release;
		};
		CBBC24F12A07F4B400B056C5 /* Build configuration list for PBXNativeTarget "ImageFeed" */ = {
			isa = XCConfigurationList;
			buildConfigurations = (
				CBBC24F22A07F4B400B056C5 /* Debug */,
				CBBC24F32A07F4B400B056C5 /* Release */,
			);
			defaultConfigurationIsVisible = 0;
			defaultConfigurationName = Release;
		};
/* End XCConfigurationList section */

/* Begin XCRemoteSwiftPackageReference section */
		CBD43AAB2A361DB20039DCDA /* XCRemoteSwiftPackageReference "ProgressHUD" */ = {
			isa = XCRemoteSwiftPackageReference;
			repositoryURL = "https://github.com/relatedcode/ProgressHUD";
			requirement = {
				kind = exactVersion;
				version = 13.6.2;
			};
		};
/* End XCRemoteSwiftPackageReference section */

/* Begin XCSwiftPackageProductDependency section */
		CBD43AAC2A361DB20039DCDA /* ProgressHUD */ = {
			isa = XCSwiftPackageProductDependency;
			package = CBD43AAB2A361DB20039DCDA /* XCRemoteSwiftPackageReference "ProgressHUD" */;
			productName = ProgressHUD;
		};
/* End XCSwiftPackageProductDependency section */
	};
	rootObject = CBBC24D52A07F4AE00B056C5 /* Project object */;
}
